
Microsoft Visual Studio Solution File, Format Version 12.00
# Visual Studio Version 16
VisualStudioVersion = 16.0.30309.148
MinimumVisualStudioVersion = 10.0.40219.1
Project("{FAE04EC0-301F-11D3-BF4B-00C04F79EFBC}") = "TriviaWebAPI", "TriviaWebAPI.csproj", "{5EFEB7E5-3C8E-449F-98DA-B5EFA7AB5B5B}"
EndProject
Global
	GlobalSection(SolutionConfigurationPlatforms) = preSolution
		Debug|Any CPU = Debug|Any CPU
		Release|Any CPU = Release|Any CPU
	EndGlobalSection
	GlobalSection(ProjectConfigurationPlatforms) = postSolution
		{5EFEB7E5-3C8E-449F-98DA-B5EFA7AB5B5B}.Debug|Any CPU.ActiveCfg = Debug|Any CPU
		{5EFEB7E5-3C8E-449F-98DA-B5EFA7AB5B5B}.Debug|Any CPU.Build.0 = Debug|Any CPU
		{5EFEB7E5-3C8E-449F-98DA-B5EFA7AB5B5B}.Release|Any CPU.ActiveCfg = Release|Any CPU
		{5EFEB7E5-3C8E-449F-98DA-B5EFA7AB5B5B}.Release|Any CPU.Build.0 = Release|Any CPU
	EndGlobalSection
	GlobalSection(SolutionProperties) = preSolution
		HideSolutionNode = FALSE
	EndGlobalSection
	GlobalSection(ExtensibilityGlobals) = postSolution
		SolutionGuid = {8AB7288D-88D7-4DA9-89C6-713F14A2632D}
	EndGlobalSection
EndGlobal
